// !$*UTF8*$!
{
	archiveVersion = 1;
	classes = {
	};
	objectVersion = 46;
	objects = {

/* Begin PBXBuildFile section */
		190BECB61B05595600A8ECDA /* setting2.png in Resources */ = {isa = PBXBuildFile; fileRef = 190BECB41B05595600A8ECDA /* setting2.png */; };
		190BECBD1B0578B200A8ECDA /* delete.png in Resources */ = {isa = PBXBuildFile; fileRef = 190BECBC1B0578B200A8ECDA /* delete.png */; };
		190BECBF1B06CE8300A8ECDA /* save.png in Resources */ = {isa = PBXBuildFile; fileRef = 190BECBE1B06CE8300A8ECDA /* save.png */; };
		196FE29E1B099D2D0012BF9F /* bottomMenu.png in Resources */ = {isa = PBXBuildFile; fileRef = 196FE29D1B099D2D0012BF9F /* bottomMenu.png */; };
		196FE2A01B0ADC000012BF9F /* HabitMenu.swift in Sources */ = {isa = PBXBuildFile; fileRef = 196FE29F1B0ADC000012BF9F /* HabitMenu.swift */; };
		1982B2911B03E988007BD023 /* QuartzCore.framework in Frameworks */ = {isa = PBXBuildFile; fileRef = 1982B2901B03E988007BD023 /* QuartzCore.framework */; };
		19864ADE1B09269F0034AC3E /* CoreDataHandler.swift in Sources */ = {isa = PBXBuildFile; fileRef = 19864ADD1B09269F0034AC3E /* CoreDataHandler.swift */; };
		19864AE01B0932FB0034AC3E /* HabitImageHandler.swift in Sources */ = {isa = PBXBuildFile; fileRef = 19864ADF1B0932FB0034AC3E /* HabitImageHandler.swift */; };
		19864AE71B0968510034AC3E /* SettingTableView.swift in Sources */ = {isa = PBXBuildFile; fileRef = 19864AE61B0968510034AC3E /* SettingTableView.swift */; };
		19864AE91B096E010034AC3E /* BlackCoverScreen.swift in Sources */ = {isa = PBXBuildFile; fileRef = 19864AE81B096E010034AC3E /* BlackCoverScreen.swift */; };
		199692C21B02A30600275F4D /* AppDelegate.swift in Sources */ = {isa = PBXBuildFile; fileRef = 199692C11B02A30600275F4D /* AppDelegate.swift */; };
		199692C51B02A30600275F4D /* Habit_Log.xcdatamodeld in Sources */ = {isa = PBXBuildFile; fileRef = 199692C31B02A30600275F4D /* Habit_Log.xcdatamodeld */; };
		199692C71B02A30600275F4D /* ViewController.swift in Sources */ = {isa = PBXBuildFile; fileRef = 199692C61B02A30600275F4D /* ViewController.swift */; };
		199692CA1B02A30600275F4D /* Main.storyboard in Resources */ = {isa = PBXBuildFile; fileRef = 199692C81B02A30600275F4D /* Main.storyboard */; };
		199692CC1B02A30600275F4D /* Images.xcassets in Resources */ = {isa = PBXBuildFile; fileRef = 199692CB1B02A30600275F4D /* Images.xcassets */; };
		199692CF1B02A30600275F4D /* LaunchScreen.xib in Resources */ = {isa = PBXBuildFile; fileRef = 199692CD1B02A30600275F4D /* LaunchScreen.xib */; };
		199692DB1B02A30600275F4D /* Habit_LogTests.swift in Sources */ = {isa = PBXBuildFile; fileRef = 199692DA1B02A30600275F4D /* Habit_LogTests.swift */; };
		199692FE1B02A32700275F4D /* CVAuxiliaryView.swift in Sources */ = {isa = PBXBuildFile; fileRef = 199692E41B02A32700275F4D /* CVAuxiliaryView.swift */; };
		199692FF1B02A32700275F4D /* CVCalendarContentViewController.swift in Sources */ = {isa = PBXBuildFile; fileRef = 199692E51B02A32700275F4D /* CVCalendarContentViewController.swift */; };
		199693001B02A32700275F4D /* CVCalendarDayView.swift in Sources */ = {isa = PBXBuildFile; fileRef = 199692E61B02A32700275F4D /* CVCalendarDayView.swift */; };
		199693011B02A32700275F4D /* CVCalendarDayViewControlCoordinator.swift in Sources */ = {isa = PBXBuildFile; fileRef = 199692E71B02A32700275F4D /* CVCalendarDayViewControlCoordinator.swift */; };
		199693021B02A32700275F4D /* CVCalendarManager.swift in Sources */ = {isa = PBXBuildFile; fileRef = 199692E81B02A32700275F4D /* CVCalendarManager.swift */; };
		199693031B02A32700275F4D /* CVCalendarMenuView.swift in Sources */ = {isa = PBXBuildFile; fileRef = 199692E91B02A32700275F4D /* CVCalendarMenuView.swift */; };
		199693041B02A32700275F4D /* CVCalendarMenuViewDelegate.swift in Sources */ = {isa = PBXBuildFile; fileRef = 199692EA1B02A32700275F4D /* CVCalendarMenuViewDelegate.swift */; };
		199693051B02A32700275F4D /* CVCalendarMonthContentViewController.swift in Sources */ = {isa = PBXBuildFile; fileRef = 199692EB1B02A32700275F4D /* CVCalendarMonthContentViewController.swift */; };
		199693061B02A32700275F4D /* CVCalendarMonthView.swift in Sources */ = {isa = PBXBuildFile; fileRef = 199692EC1B02A32700275F4D /* CVCalendarMonthView.swift */; };
		199693071B02A32700275F4D /* CVCalendarTouchController.swift in Sources */ = {isa = PBXBuildFile; fileRef = 199692ED1B02A32700275F4D /* CVCalendarTouchController.swift */; };
		199693081B02A32700275F4D /* CVCalendarView.swift in Sources */ = {isa = PBXBuildFile; fileRef = 199692EE1B02A32700275F4D /* CVCalendarView.swift */; };
		199693091B02A32700275F4D /* CVCalendarViewAnimator.swift in Sources */ = {isa = PBXBuildFile; fileRef = 199692EF1B02A32700275F4D /* CVCalendarViewAnimator.swift */; };
		1996930A1B02A32700275F4D /* CVCalendarViewAnimatorDelegate.swift in Sources */ = {isa = PBXBuildFile; fileRef = 199692F01B02A32700275F4D /* CVCalendarViewAnimatorDelegate.swift */; };
		1996930B1B02A32700275F4D /* CVCalendarViewAppearance.swift in Sources */ = {isa = PBXBuildFile; fileRef = 199692F11B02A32700275F4D /* CVCalendarViewAppearance.swift */; };
		1996930C1B02A32700275F4D /* CVCalendarViewAppearanceDelegate.swift in Sources */ = {isa = PBXBuildFile; fileRef = 199692F21B02A32700275F4D /* CVCalendarViewAppearanceDelegate.swift */; };
		1996930D1B02A32700275F4D /* CVCalendarViewDelegate.swift in Sources */ = {isa = PBXBuildFile; fileRef = 199692F31B02A32700275F4D /* CVCalendarViewDelegate.swift */; };
		1996930E1B02A32700275F4D /* CVCalendarViewPresentationMode.swift in Sources */ = {isa = PBXBuildFile; fileRef = 199692F41B02A32700275F4D /* CVCalendarViewPresentationMode.swift */; };
		1996930F1B02A32700275F4D /* CVCalendarWeekContentViewController.swift in Sources */ = {isa = PBXBuildFile; fileRef = 199692F51B02A32700275F4D /* CVCalendarWeekContentViewController.swift */; };
		199693101B02A32700275F4D /* CVCalendarWeekday.swift in Sources */ = {isa = PBXBuildFile; fileRef = 199692F61B02A32700275F4D /* CVCalendarWeekday.swift */; };
		199693111B02A32700275F4D /* CVCalendarWeekView.swift in Sources */ = {isa = PBXBuildFile; fileRef = 199692F71B02A32700275F4D /* CVCalendarWeekView.swift */; };
		199693121B02A32700275F4D /* CVDate.swift in Sources */ = {isa = PBXBuildFile; fileRef = 199692F81B02A32700275F4D /* CVDate.swift */; };
		199693131B02A32700275F4D /* CVRange.swift in Sources */ = {isa = PBXBuildFile; fileRef = 199692F91B02A32700275F4D /* CVRange.swift */; };
		199693141B02A32700275F4D /* CVScrollDirection.swift in Sources */ = {isa = PBXBuildFile; fileRef = 199692FA1B02A32700275F4D /* CVScrollDirection.swift */; };
		199693151B02A32700275F4D /* CVSelectionType.swift in Sources */ = {isa = PBXBuildFile; fileRef = 199692FB1B02A32700275F4D /* CVSelectionType.swift */; };
		199693161B02A32700275F4D /* CVSet.swift in Sources */ = {isa = PBXBuildFile; fileRef = 199692FC1B02A32700275F4D /* CVSet.swift */; };
		199693171B02A32700275F4D /* CVShape.swift in Sources */ = {isa = PBXBuildFile; fileRef = 199692FD1B02A32700275F4D /* CVShape.swift */; };
		199693191B02A78000275F4D /* Habit_Log_screenshot_1.png in Resources */ = {isa = PBXBuildFile; fileRef = 199693181B02A78000275F4D /* Habit_Log_screenshot_1.png */; };
/* End PBXBuildFile section */

/* Begin PBXContainerItemProxy section */
		199692D51B02A30600275F4D /* PBXContainerItemProxy */ = {
			isa = PBXContainerItemProxy;
			containerPortal = 199692B41B02A30500275F4D /* Project object */;
			proxyType = 1;
			remoteGlobalIDString = 199692BB1B02A30600275F4D;
			remoteInfo = "Habit Log";
		};
/* End PBXContainerItemProxy section */

/* Begin PBXFileReference section */
		190BECB41B05595600A8ECDA /* setting2.png */ = {isa = PBXFileReference; lastKnownFileType = image.png; path = setting2.png; sourceTree = "<group>"; };
		190BECBC1B0578B200A8ECDA /* delete.png */ = {isa = PBXFileReference; lastKnownFileType = image.png; path = delete.png; sourceTree = "<group>"; };
		190BECBE1B06CE8300A8ECDA /* save.png */ = {isa = PBXFileReference; lastKnownFileType = image.png; path = save.png; sourceTree = "<group>"; };
		196FE29D1B099D2D0012BF9F /* bottomMenu.png */ = {isa = PBXFileReference; lastKnownFileType = image.png; path = bottomMenu.png; sourceTree = "<group>"; };
		196FE29F1B0ADC000012BF9F /* HabitMenu.swift */ = {isa = PBXFileReference; fileEncoding = 4; lastKnownFileType = sourcecode.swift; path = HabitMenu.swift; sourceTree = "<group>"; };
		1982B2901B03E988007BD023 /* QuartzCore.framework */ = {isa = PBXFileReference; lastKnownFileType = wrapper.framework; name = QuartzCore.framework; path = System/Library/Frameworks/QuartzCore.framework; sourceTree = SDKROOT; };
		19864ADD1B09269F0034AC3E /* CoreDataHandler.swift */ = {isa = PBXFileReference; fileEncoding = 4; lastKnownFileType = sourcecode.swift; path = CoreDataHandler.swift; sourceTree = "<group>"; };
		19864ADF1B0932FB0034AC3E /* HabitImageHandler.swift */ = {isa = PBXFileReference; fileEncoding = 4; lastKnownFileType = sourcecode.swift; path = HabitImageHandler.swift; sourceTree = "<group>"; };
		19864AE11B0943C50034AC3E /* Habit_Log 2.xcdatamodel */ = {isa = PBXFileReference; lastKnownFileType = wrapper.xcdatamodel; path = "Habit_Log 2.xcdatamodel"; sourceTree = "<group>"; };
		19864AE61B0968510034AC3E /* SettingTableView.swift */ = {isa = PBXFileReference; fileEncoding = 4; lastKnownFileType = sourcecode.swift; path = SettingTableView.swift; sourceTree = "<group>"; };
		19864AE81B096E010034AC3E /* BlackCoverScreen.swift */ = {isa = PBXFileReference; fileEncoding = 4; lastKnownFileType = sourcecode.swift; path = BlackCoverScreen.swift; sourceTree = "<group>"; };
		199692BC1B02A30600275F4D /* Habit Log.app */ = {isa = PBXFileReference; explicitFileType = wrapper.application; includeInIndex = 0; path = "Habit Log.app"; sourceTree = BUILT_PRODUCTS_DIR; };
		199692C01B02A30600275F4D /* Info.plist */ = {isa = PBXFileReference; lastKnownFileType = text.plist.xml; path = Info.plist; sourceTree = "<group>"; };
		199692C11B02A30600275F4D /* AppDelegate.swift */ = {isa = PBXFileReference; lastKnownFileType = sourcecode.swift; path = AppDelegate.swift; sourceTree = "<group>"; };
		199692C41B02A30600275F4D /* Habit_Log.xcdatamodel */ = {isa = PBXFileReference; lastKnownFileType = wrapper.xcdatamodel; path = Habit_Log.xcdatamodel; sourceTree = "<group>"; };
		199692C61B02A30600275F4D /* ViewController.swift */ = {isa = PBXFileReference; lastKnownFileType = sourcecode.swift; path = ViewController.swift; sourceTree = "<group>"; };
		199692C91B02A30600275F4D /* Base */ = {isa = PBXFileReference; lastKnownFileType = file.storyboard; name = Base; path = Base.lproj/Main.storyboard; sourceTree = "<group>"; };
		199692CB1B02A30600275F4D /* Images.xcassets */ = {isa = PBXFileReference; lastKnownFileType = folder.assetcatalog; path = Images.xcassets; sourceTree = "<group>"; };
		199692CE1B02A30600275F4D /* Base */ = {isa = PBXFileReference; lastKnownFileType = file.xib; name = Base; path = Base.lproj/LaunchScreen.xib; sourceTree = "<group>"; };
		199692D41B02A30600275F4D /* Habit LogTests.xctest */ = {isa = PBXFileReference; explicitFileType = wrapper.cfbundle; includeInIndex = 0; path = "Habit LogTests.xctest"; sourceTree = BUILT_PRODUCTS_DIR; };
		199692D91B02A30600275F4D /* Info.plist */ = {isa = PBXFileReference; lastKnownFileType = text.plist.xml; path = Info.plist; sourceTree = "<group>"; };
		199692DA1B02A30600275F4D /* Habit_LogTests.swift */ = {isa = PBXFileReference; lastKnownFileType = sourcecode.swift; path = Habit_LogTests.swift; sourceTree = "<group>"; };
		199692E41B02A32700275F4D /* CVAuxiliaryView.swift */ = {isa = PBXFileReference; fileEncoding = 4; lastKnownFileType = sourcecode.swift; path = CVAuxiliaryView.swift; sourceTree = "<group>"; };
		199692E51B02A32700275F4D /* CVCalendarContentViewController.swift */ = {isa = PBXFileReference; fileEncoding = 4; lastKnownFileType = sourcecode.swift; path = CVCalendarContentViewController.swift; sourceTree = "<group>"; };
		199692E61B02A32700275F4D /* CVCalendarDayView.swift */ = {isa = PBXFileReference; fileEncoding = 4; lastKnownFileType = sourcecode.swift; path = CVCalendarDayView.swift; sourceTree = "<group>"; };
		199692E71B02A32700275F4D /* CVCalendarDayViewControlCoordinator.swift */ = {isa = PBXFileReference; fileEncoding = 4; lastKnownFileType = sourcecode.swift; path = CVCalendarDayViewControlCoordinator.swift; sourceTree = "<group>"; };
		199692E81B02A32700275F4D /* CVCalendarManager.swift */ = {isa = PBXFileReference; fileEncoding = 4; lastKnownFileType = sourcecode.swift; path = CVCalendarManager.swift; sourceTree = "<group>"; };
		199692E91B02A32700275F4D /* CVCalendarMenuView.swift */ = {isa = PBXFileReference; fileEncoding = 4; lastKnownFileType = sourcecode.swift; path = CVCalendarMenuView.swift; sourceTree = "<group>"; };
		199692EA1B02A32700275F4D /* CVCalendarMenuViewDelegate.swift */ = {isa = PBXFileReference; fileEncoding = 4; lastKnownFileType = sourcecode.swift; path = CVCalendarMenuViewDelegate.swift; sourceTree = "<group>"; };
		199692EB1B02A32700275F4D /* CVCalendarMonthContentViewController.swift */ = {isa = PBXFileReference; fileEncoding = 4; lastKnownFileType = sourcecode.swift; path = CVCalendarMonthContentViewController.swift; sourceTree = "<group>"; };
		199692EC1B02A32700275F4D /* CVCalendarMonthView.swift */ = {isa = PBXFileReference; fileEncoding = 4; lastKnownFileType = sourcecode.swift; path = CVCalendarMonthView.swift; sourceTree = "<group>"; };
		199692ED1B02A32700275F4D /* CVCalendarTouchController.swift */ = {isa = PBXFileReference; fileEncoding = 4; lastKnownFileType = sourcecode.swift; path = CVCalendarTouchController.swift; sourceTree = "<group>"; };
		199692EE1B02A32700275F4D /* CVCalendarView.swift */ = {isa = PBXFileReference; fileEncoding = 4; lastKnownFileType = sourcecode.swift; path = CVCalendarView.swift; sourceTree = "<group>"; };
		199692EF1B02A32700275F4D /* CVCalendarViewAnimator.swift */ = {isa = PBXFileReference; fileEncoding = 4; lastKnownFileType = sourcecode.swift; path = CVCalendarViewAnimator.swift; sourceTree = "<group>"; };
		199692F01B02A32700275F4D /* CVCalendarViewAnimatorDelegate.swift */ = {isa = PBXFileReference; fileEncoding = 4; lastKnownFileType = sourcecode.swift; path = CVCalendarViewAnimatorDelegate.swift; sourceTree = "<group>"; };
		199692F11B02A32700275F4D /* CVCalendarViewAppearance.swift */ = {isa = PBXFileReference; fileEncoding = 4; lastKnownFileType = sourcecode.swift; path = CVCalendarViewAppearance.swift; sourceTree = "<group>"; };
		199692F21B02A32700275F4D /* CVCalendarViewAppearanceDelegate.swift */ = {isa = PBXFileReference; fileEncoding = 4; lastKnownFileType = sourcecode.swift; path = CVCalendarViewAppearanceDelegate.swift; sourceTree = "<group>"; };
		199692F31B02A32700275F4D /* CVCalendarViewDelegate.swift */ = {isa = PBXFileReference; fileEncoding = 4; lastKnownFileType = sourcecode.swift; path = CVCalendarViewDelegate.swift; sourceTree = "<group>"; };
		199692F41B02A32700275F4D /* CVCalendarViewPresentationMode.swift */ = {isa = PBXFileReference; fileEncoding = 4; lastKnownFileType = sourcecode.swift; path = CVCalendarViewPresentationMode.swift; sourceTree = "<group>"; };
		199692F51B02A32700275F4D /* CVCalendarWeekContentViewController.swift */ = {isa = PBXFileReference; fileEncoding = 4; lastKnownFileType = sourcecode.swift; path = CVCalendarWeekContentViewController.swift; sourceTree = "<group>"; };
		199692F61B02A32700275F4D /* CVCalendarWeekday.swift */ = {isa = PBXFileReference; fileEncoding = 4; lastKnownFileType = sourcecode.swift; path = CVCalendarWeekday.swift; sourceTree = "<group>"; };
		199692F71B02A32700275F4D /* CVCalendarWeekView.swift */ = {isa = PBXFileReference; fileEncoding = 4; lastKnownFileType = sourcecode.swift; path = CVCalendarWeekView.swift; sourceTree = "<group>"; };
		199692F81B02A32700275F4D /* CVDate.swift */ = {isa = PBXFileReference; fileEncoding = 4; lastKnownFileType = sourcecode.swift; path = CVDate.swift; sourceTree = "<group>"; };
		199692F91B02A32700275F4D /* CVRange.swift */ = {isa = PBXFileReference; fileEncoding = 4; lastKnownFileType = sourcecode.swift; path = CVRange.swift; sourceTree = "<group>"; };
		199692FA1B02A32700275F4D /* CVScrollDirection.swift */ = {isa = PBXFileReference; fileEncoding = 4; lastKnownFileType = sourcecode.swift; path = CVScrollDirection.swift; sourceTree = "<group>"; };
		199692FB1B02A32700275F4D /* CVSelectionType.swift */ = {isa = PBXFileReference; fileEncoding = 4; lastKnownFileType = sourcecode.swift; path = CVSelectionType.swift; sourceTree = "<group>"; };
		199692FC1B02A32700275F4D /* CVSet.swift */ = {isa = PBXFileReference; fileEncoding = 4; lastKnownFileType = sourcecode.swift; path = CVSet.swift; sourceTree = "<group>"; };
		199692FD1B02A32700275F4D /* CVShape.swift */ = {isa = PBXFileReference; fileEncoding = 4; lastKnownFileType = sourcecode.swift; path = CVShape.swift; sourceTree = "<group>"; };
		199693181B02A78000275F4D /* Habit_Log_screenshot_1.png */ = {isa = PBXFileReference; lastKnownFileType = image.png; path = Habit_Log_screenshot_1.png; sourceTree = "<group>"; };
/* End PBXFileReference section */

/* Begin PBXFrameworksBuildPhase section */
		199692B91B02A30600275F4D /* Frameworks */ = {
			isa = PBXFrameworksBuildPhase;
			buildActionMask = 2147483647;
			files = (
				1982B2911B03E988007BD023 /* QuartzCore.framework in Frameworks */,
			);
			runOnlyForDeploymentPostprocessing = 0;
		};
		199692D11B02A30600275F4D /* Frameworks */ = {
			isa = PBXFrameworksBuildPhase;
			buildActionMask = 2147483647;
			files = (
			);
			runOnlyForDeploymentPostprocessing = 0;
		};
/* End PBXFrameworksBuildPhase section */

/* Begin PBXGroup section */
		199692B31B02A30500275F4D = {
			isa = PBXGroup;
			children = (
				1982B2901B03E988007BD023 /* QuartzCore.framework */,
				199692BE1B02A30600275F4D /* Habit Log */,
				199692D71B02A30600275F4D /* Habit LogTests */,
				199692BD1B02A30600275F4D /* Products */,
			);
			sourceTree = "<group>";
		};
		199692BD1B02A30600275F4D /* Products */ = {
			isa = PBXGroup;
			children = (
				199692BC1B02A30600275F4D /* Habit Log.app */,
				199692D41B02A30600275F4D /* Habit LogTests.xctest */,
			);
			name = Products;
			sourceTree = "<group>";
		};
		199692BE1B02A30600275F4D /* Habit Log */ = {
			isa = PBXGroup;
			children = (
				199692C11B02A30600275F4D /* AppDelegate.swift */,
				199692C61B02A30600275F4D /* ViewController.swift */,
				196FE29F1B0ADC000012BF9F /* HabitMenu.swift */,
				19864AE81B096E010034AC3E /* BlackCoverScreen.swift */,
				19864AE61B0968510034AC3E /* SettingTableView.swift */,
				19864ADD1B09269F0034AC3E /* CoreDataHandler.swift */,
				19864ADF1B0932FB0034AC3E /* HabitImageHandler.swift */,
				199692C81B02A30600275F4D /* Main.storyboard */,
				196FE29D1B099D2D0012BF9F /* bottomMenu.png */,
				190BECBC1B0578B200A8ECDA /* delete.png */,
				190BECB41B05595600A8ECDA /* setting2.png */,
				190BECBE1B06CE8300A8ECDA /* save.png */,
				199692CB1B02A30600275F4D /* Images.xcassets */,
				199692CD1B02A30600275F4D /* LaunchScreen.xib */,
				199692C31B02A30600275F4D /* Habit_Log.xcdatamodeld */,
				199692E41B02A32700275F4D /* CVAuxiliaryView.swift */,
				199692E51B02A32700275F4D /* CVCalendarContentViewController.swift */,
				199692E61B02A32700275F4D /* CVCalendarDayView.swift */,
				199692E71B02A32700275F4D /* CVCalendarDayViewControlCoordinator.swift */,
				199692E81B02A32700275F4D /* CVCalendarManager.swift */,
				199692E91B02A32700275F4D /* CVCalendarMenuView.swift */,
				199692EA1B02A32700275F4D /* CVCalendarMenuViewDelegate.swift */,
				199692EB1B02A32700275F4D /* CVCalendarMonthContentViewController.swift */,
				199692EC1B02A32700275F4D /* CVCalendarMonthView.swift */,
				199692ED1B02A32700275F4D /* CVCalendarTouchController.swift */,
				199692EE1B02A32700275F4D /* CVCalendarView.swift */,
				199692EF1B02A32700275F4D /* CVCalendarViewAnimator.swift */,
				199692F01B02A32700275F4D /* CVCalendarViewAnimatorDelegate.swift */,
				199692F11B02A32700275F4D /* CVCalendarViewAppearance.swift */,
				199692F21B02A32700275F4D /* CVCalendarViewAppearanceDelegate.swift */,
				199692F31B02A32700275F4D /* CVCalendarViewDelegate.swift */,
				199692F41B02A32700275F4D /* CVCalendarViewPresentationMode.swift */,
				199692F51B02A32700275F4D /* CVCalendarWeekContentViewController.swift */,
				199692F61B02A32700275F4D /* CVCalendarWeekday.swift */,
				199692F71B02A32700275F4D /* CVCalendarWeekView.swift */,
				199692F81B02A32700275F4D /* CVDate.swift */,
				199692F91B02A32700275F4D /* CVRange.swift */,
				199692FA1B02A32700275F4D /* CVScrollDirection.swift */,
				199692FB1B02A32700275F4D /* CVSelectionType.swift */,
				199692FC1B02A32700275F4D /* CVSet.swift */,
				199692FD1B02A32700275F4D /* CVShape.swift */,
				199693181B02A78000275F4D /* Habit_Log_screenshot_1.png */,
				199692BF1B02A30600275F4D /* Supporting Files */,
			);
			path = "Habit Log";
			sourceTree = "<group>";
		};
		199692BF1B02A30600275F4D /* Supporting Files */ = {
			isa = PBXGroup;
			children = (
				199692C01B02A30600275F4D /* Info.plist */,
			);
			name = "Supporting Files";
			sourceTree = "<group>";
		};
		199692D71B02A30600275F4D /* Habit LogTests */ = {
			isa = PBXGroup;
			children = (
				199692DA1B02A30600275F4D /* Habit_LogTests.swift */,
				199692D81B02A30600275F4D /* Supporting Files */,
			);
			path = "Habit LogTests";
			sourceTree = "<group>";
		};
		199692D81B02A30600275F4D /* Supporting Files */ = {
			isa = PBXGroup;
			children = (
				199692D91B02A30600275F4D /* Info.plist */,
			);
			name = "Supporting Files";
			sourceTree = "<group>";
		};
/* End PBXGroup section */

/* Begin PBXNativeTarget section */
		199692BB1B02A30600275F4D /* Habit Log */ = {
			isa = PBXNativeTarget;
			buildConfigurationList = 199692DE1B02A30600275F4D /* Build configuration list for PBXNativeTarget "Habit Log" */;
			buildPhases = (
				199692B81B02A30600275F4D /* Sources */,
				199692B91B02A30600275F4D /* Frameworks */,
				199692BA1B02A30600275F4D /* Resources */,
			);
			buildRules = (
			);
			dependencies = (
			);
			name = "Habit Log";
			productName = "Habit Log";
			productReference = 199692BC1B02A30600275F4D /* Habit Log.app */;
			productType = "com.apple.product-type.application";
		};
		199692D31B02A30600275F4D /* Habit LogTests */ = {
			isa = PBXNativeTarget;
			buildConfigurationList = 199692E11B02A30600275F4D /* Build configuration list for PBXNativeTarget "Habit LogTests" */;
			buildPhases = (
				199692D01B02A30600275F4D /* Sources */,
				199692D11B02A30600275F4D /* Frameworks */,
				199692D21B02A30600275F4D /* Resources */,
			);
			buildRules = (
			);
			dependencies = (
				199692D61B02A30600275F4D /* PBXTargetDependency */,
			);
			name = "Habit LogTests";
			productName = "Habit LogTests";
			productReference = 199692D41B02A30600275F4D /* Habit LogTests.xctest */;
			productType = "com.apple.product-type.bundle.unit-test";
		};
/* End PBXNativeTarget section */

/* Begin PBXProject section */
		199692B41B02A30500275F4D /* Project object */ = {
			isa = PBXProject;
			attributes = {
				LastUpgradeCheck = 0630;
				ORGANIZATIONNAME = "Kohei Arai";
				TargetAttributes = {
					199692BB1B02A30600275F4D = {
						CreatedOnToolsVersion = 6.3.1;
					};
					199692D31B02A30600275F4D = {
						CreatedOnToolsVersion = 6.3.1;
						TestTargetID = 199692BB1B02A30600275F4D;
					};
				};
			};
			buildConfigurationList = 199692B71B02A30500275F4D /* Build configuration list for PBXProject "Habit Log" */;
			compatibilityVersion = "Xcode 3.2";
			developmentRegion = English;
			hasScannedForEncodings = 0;
			knownRegions = (
				en,
				Base,
			);
			mainGroup = 199692B31B02A30500275F4D;
			productRefGroup = 199692BD1B02A30600275F4D /* Products */;
			projectDirPath = "";
			projectRoot = "";
			targets = (
				199692BB1B02A30600275F4D /* Habit Log */,
				199692D31B02A30600275F4D /* Habit LogTests */,
			);
		};
/* End PBXProject section */

/* Begin PBXResourcesBuildPhase section */
		199692BA1B02A30600275F4D /* Resources */ = {
			isa = PBXResourcesBuildPhase;
			buildActionMask = 2147483647;
			files = (
				199692CA1B02A30600275F4D /* Main.storyboard in Resources */,
				190BECB61B05595600A8ECDA /* setting2.png in Resources */,
				190BECBF1B06CE8300A8ECDA /* save.png in Resources */,
				196FE29E1B099D2D0012BF9F /* bottomMenu.png in Resources */,
				199692CF1B02A30600275F4D /* LaunchScreen.xib in Resources */,
				190BECBD1B0578B200A8ECDA /* delete.png in Resources */,
				199692CC1B02A30600275F4D /* Images.xcassets in Resources */,
				199693191B02A78000275F4D /* Habit_Log_screenshot_1.png in Resources */,
			);
			runOnlyForDeploymentPostprocessing = 0;
		};
		199692D21B02A30600275F4D /* Resources */ = {
			isa = PBXResourcesBuildPhase;
			buildActionMask = 2147483647;
			files = (
			);
			runOnlyForDeploymentPostprocessing = 0;
		};
/* End PBXResourcesBuildPhase section */

/* Begin PBXSourcesBuildPhase section */
		199692B81B02A30600275F4D /* Sources */ = {
			isa = PBXSourcesBuildPhase;
			buildActionMask = 2147483647;
			files = (
				199693021B02A32700275F4D /* CVCalendarManager.swift in Sources */,
				196FE2A01B0ADC000012BF9F /* HabitMenu.swift in Sources */,
				19864ADE1B09269F0034AC3E /* CoreDataHandler.swift in Sources */,
				199692FE1B02A32700275F4D /* CVAuxiliaryView.swift in Sources */,
				1996930B1B02A32700275F4D /* CVCalendarViewAppearance.swift in Sources */,
				1996930D1B02A32700275F4D /* CVCalendarViewDelegate.swift in Sources */,
				199693071B02A32700275F4D /* CVCalendarTouchController.swift in Sources */,
				1996930F1B02A32700275F4D /* CVCalendarWeekContentViewController.swift in Sources */,
				199693121B02A32700275F4D /* CVDate.swift in Sources */,
				199693161B02A32700275F4D /* CVSet.swift in Sources */,
				199693111B02A32700275F4D /* CVCalendarWeekView.swift in Sources */,
				1996930C1B02A32700275F4D /* CVCalendarViewAppearanceDelegate.swift in Sources */,
				199693151B02A32700275F4D /* CVSelectionType.swift in Sources */,
				1996930A1B02A32700275F4D /* CVCalendarViewAnimatorDelegate.swift in Sources */,
				19864AE91B096E010034AC3E /* BlackCoverScreen.swift in Sources */,
				199693041B02A32700275F4D /* CVCalendarMenuViewDelegate.swift in Sources */,
				199693141B02A32700275F4D /* CVScrollDirection.swift in Sources */,
				199692FF1B02A32700275F4D /* CVCalendarContentViewController.swift in Sources */,
				199693051B02A32700275F4D /* CVCalendarMonthContentViewController.swift in Sources */,
				199692C71B02A30600275F4D /* ViewController.swift in Sources */,
				19864AE71B0968510034AC3E /* SettingTableView.swift in Sources */,
				199693031B02A32700275F4D /* CVCalendarMenuView.swift in Sources */,
				199692C21B02A30600275F4D /* AppDelegate.swift in Sources */,
				199693061B02A32700275F4D /* CVCalendarMonthView.swift in Sources */,
				199693011B02A32700275F4D /* CVCalendarDayViewControlCoordinator.swift in Sources */,
				199693081B02A32700275F4D /* CVCalendarView.swift in Sources */,
				199693101B02A32700275F4D /* CVCalendarWeekday.swift in Sources */,
				199693001B02A32700275F4D /* CVCalendarDayView.swift in Sources */,
				199693131B02A32700275F4D /* CVRange.swift in Sources */,
				199692C51B02A30600275F4D /* Habit_Log.xcdatamodeld in Sources */,
				199693171B02A32700275F4D /* CVShape.swift in Sources */,
				19864AE01B0932FB0034AC3E /* HabitImageHandler.swift in Sources */,
				1996930E1B02A32700275F4D /* CVCalendarViewPresentationMode.swift in Sources */,
				199693091B02A32700275F4D /* CVCalendarViewAnimator.swift in Sources */,
			);
			runOnlyForDeploymentPostprocessing = 0;
		};
		199692D01B02A30600275F4D /* Sources */ = {
			isa = PBXSourcesBuildPhase;
			buildActionMask = 2147483647;
			files = (
				199692DB1B02A30600275F4D /* Habit_LogTests.swift in Sources */,
			);
			runOnlyForDeploymentPostprocessing = 0;
		};
/* End PBXSourcesBuildPhase section */

/* Begin PBXTargetDependency section */
		199692D61B02A30600275F4D /* PBXTargetDependency */ = {
			isa = PBXTargetDependency;
			target = 199692BB1B02A30600275F4D /* Habit Log */;
			targetProxy = 199692D51B02A30600275F4D /* PBXContainerItemProxy */;
		};
/* End PBXTargetDependency section */

/* Begin PBXVariantGroup section */
		199692C81B02A30600275F4D /* Main.storyboard */ = {
			isa = PBXVariantGroup;
			children = (
				199692C91B02A30600275F4D /* Base */,
			);
			name = Main.storyboard;
			sourceTree = "<group>";
		};
		199692CD1B02A30600275F4D /* LaunchScreen.xib */ = {
			isa = PBXVariantGroup;
			children = (
				199692CE1B02A30600275F4D /* Base */,
			);
			name = LaunchScreen.xib;
			sourceTree = "<group>";
		};
/* End PBXVariantGroup section */

/* Begin XCBuildConfiguration section */
		199692DC1B02A30600275F4D /* Debug */ = {
			isa = XCBuildConfiguration;
			buildSettings = {
				ALWAYS_SEARCH_USER_PATHS = NO;
				CLANG_CXX_LANGUAGE_STANDARD = "gnu++0x";
				CLANG_CXX_LIBRARY = "libc++";
				CLANG_ENABLE_MODULES = YES;
				CLANG_ENABLE_OBJC_ARC = YES;
				CLANG_WARN_BOOL_CONVERSION = YES;
				CLANG_WARN_CONSTANT_CONVERSION = YES;
				CLANG_WARN_DIRECT_OBJC_ISA_USAGE = YES_ERROR;
				CLANG_WARN_EMPTY_BODY = YES;
				CLANG_WARN_ENUM_CONVERSION = YES;
				CLANG_WARN_INT_CONVERSION = YES;
				CLANG_WARN_OBJC_ROOT_CLASS = YES_ERROR;
				CLANG_WARN_UNREACHABLE_CODE = YES;
				CLANG_WARN__DUPLICATE_METHOD_MATCH = YES;
				"CODE_SIGN_IDENTITY[sdk=iphoneos*]" = "iPhone Developer";
				COPY_PHASE_STRIP = NO;
				DEBUG_INFORMATION_FORMAT = "dwarf-with-dsym";
				ENABLE_STRICT_OBJC_MSGSEND = YES;
				GCC_C_LANGUAGE_STANDARD = gnu99;
				GCC_DYNAMIC_NO_PIC = NO;
				GCC_NO_COMMON_BLOCKS = YES;
				GCC_OPTIMIZATION_LEVEL = 0;
				GCC_PREPROCESSOR_DEFINITIONS = (
					"DEBUG=1",
					"$(inherited)",
				);
				GCC_SYMBOLS_PRIVATE_EXTERN = NO;
				GCC_WARN_64_TO_32_BIT_CONVERSION = YES;
				GCC_WARN_ABOUT_RETURN_TYPE = YES_ERROR;
				GCC_WARN_UNDECLARED_SELECTOR = YES;
				GCC_WARN_UNINITIALIZED_AUTOS = YES_AGGRESSIVE;
				GCC_WARN_UNUSED_FUNCTION = YES;
				GCC_WARN_UNUSED_VARIABLE = YES;
				IPHONEOS_DEPLOYMENT_TARGET = 8.3;
				MTL_ENABLE_DEBUG_INFO = YES;
				ONLY_ACTIVE_ARCH = YES;
				SDKROOT = iphoneos;
				SWIFT_OPTIMIZATION_LEVEL = "-Onone";
			};
			name = Debug;
		};
		199692DD1B02A30600275F4D /* Release */ = {
			isa = XCBuildConfiguration;
			buildSettings = {
				ALWAYS_SEARCH_USER_PATHS = NO;
				CLANG_CXX_LANGUAGE_STANDARD = "gnu++0x";
				CLANG_CXX_LIBRARY = "libc++";
				CLANG_ENABLE_MODULES = YES;
				CLANG_ENABLE_OBJC_ARC = YES;
				CLANG_WARN_BOOL_CONVERSION = YES;
				CLANG_WARN_CONSTANT_CONVERSION = YES;
				CLANG_WARN_DIRECT_OBJC_ISA_USAGE = YES_ERROR;
				CLANG_WARN_EMPTY_BODY = YES;
				CLANG_WARN_ENUM_CONVERSION = YES;
				CLANG_WARN_INT_CONVERSION = YES;
				CLANG_WARN_OBJC_ROOT_CLASS = YES_ERROR;
				CLANG_WARN_UNREACHABLE_CODE = YES;
				CLANG_WARN__DUPLICATE_METHOD_MATCH = YES;
				"CODE_SIGN_IDENTITY[sdk=iphoneos*]" = "iPhone Developer";
				COPY_PHASE_STRIP = NO;
				DEBUG_INFORMATION_FORMAT = "dwarf-with-dsym";
				ENABLE_NS_ASSERTIONS = NO;
				ENABLE_STRICT_OBJC_MSGSEND = YES;
				GCC_C_LANGUAGE_STANDARD = gnu99;
				GCC_NO_COMMON_BLOCKS = YES;
				GCC_WARN_64_TO_32_BIT_CONVERSION = YES;
				GCC_WARN_ABOUT_RETURN_TYPE = YES_ERROR;
				GCC_WARN_UNDECLARED_SELECTOR = YES;
				GCC_WARN_UNINITIALIZED_AUTOS = YES_AGGRESSIVE;
				GCC_WARN_UNUSED_FUNCTION = YES;
				GCC_WARN_UNUSED_VARIABLE = YES;
				IPHONEOS_DEPLOYMENT_TARGET = 8.3;
				MTL_ENABLE_DEBUG_INFO = NO;
				SDKROOT = iphoneos;
				VALIDATE_PRODUCT = YES;
			};
			name = Release;
		};
		199692DF1B02A30600275F4D /* Debug */ = {
			isa = XCBuildConfiguration;
			buildSettings = {
				ASSETCATALOG_COMPILER_APPICON_NAME = AppIcon;
				INFOPLIST_FILE = "Habit Log/Info.plist";
				LD_RUNPATH_SEARCH_PATHS = "$(inherited) @executable_path/Frameworks";
				PRODUCT_NAME = "$(TARGET_NAME)";
				TARGETED_DEVICE_FAMILY = 1;
			};
			name = Debug;
		};
		199692E01B02A30600275F4D /* Release */ = {
			isa = XCBuildConfiguration;
			buildSettings = {
				ASSETCATALOG_COMPILER_APPICON_NAME = AppIcon;
				INFOPLIST_FILE = "Habit Log/Info.plist";
				LD_RUNPATH_SEARCH_PATHS = "$(inherited) @executable_path/Frameworks";
				PRODUCT_NAME = "$(TARGET_NAME)";
				TARGETED_DEVICE_FAMILY = 1;
			};
			name = Release;
		};
		199692E21B02A30600275F4D /* Debug */ = {
			isa = XCBuildConfiguration;
			buildSettings = {
				BUNDLE_LOADER = "$(TEST_HOST)";
				FRAMEWORK_SEARCH_PATHS = (
					"$(SDKROOT)/Developer/Library/Frameworks",
					"$(inherited)",
				);
				GCC_PREPROCESSOR_DEFINITIONS = (
					"DEBUG=1",
					"$(inherited)",
				);
				INFOPLIST_FILE = "Habit LogTests/Info.plist";
				LD_RUNPATH_SEARCH_PATHS = "$(inherited) @executable_path/Frameworks @loader_path/Frameworks";
				PRODUCT_NAME = "$(TARGET_NAME)";
				TEST_HOST = "$(BUILT_PRODUCTS_DIR)/Habit Log.app/Habit Log";
			};
			name = Debug;
		};
		199692E31B02A30600275F4D /* Release */ = {
			isa = XCBuildConfiguration;
			buildSettings = {
				BUNDLE_LOADER = "$(TEST_HOST)";
				FRAMEWORK_SEARCH_PATHS = (
					"$(SDKROOT)/Developer/Library/Frameworks",
					"$(inherited)",
				);
				INFOPLIST_FILE = "Habit LogTests/Info.plist";
				LD_RUNPATH_SEARCH_PATHS = "$(inherited) @executable_path/Frameworks @loader_path/Frameworks";
				PRODUCT_NAME = "$(TARGET_NAME)";
				TEST_HOST = "$(BUILT_PRODUCTS_DIR)/Habit Log.app/Habit Log";
			};
			name = Release;
		};
/* End XCBuildConfiguration section */

/* Begin XCConfigurationList section */
		199692B71B02A30500275F4D /* Build configuration list for PBXProject "Habit Log" */ = {
			isa = XCConfigurationList;
			buildConfigurations = (
				199692DC1B02A30600275F4D /* Debug */,
				199692DD1B02A30600275F4D /* Release */,
			);
			defaultConfigurationIsVisible = 0;
			defaultConfigurationName = Release;
		};
		199692DE1B02A30600275F4D /* Build configuration list for PBXNativeTarget "Habit Log" */ = {
			isa = XCConfigurationList;
			buildConfigurations = (
				199692DF1B02A30600275F4D /* Debug */,
				199692E01B02A30600275F4D /* Release */,
			);
			defaultConfigurationIsVisible = 0;
			defaultConfigurationName = Release;
		};
		199692E11B02A30600275F4D /* Build configuration list for PBXNativeTarget "Habit LogTests" */ = {
			isa = XCConfigurationList;
			buildConfigurations = (
				199692E21B02A30600275F4D /* Debug */,
				199692E31B02A30600275F4D /* Release */,
			);
			defaultConfigurationIsVisible = 0;
			defaultConfigurationName = Release;
		};
/* End XCConfigurationList section */

/* Begin XCVersionGroup section */
		199692C31B02A30600275F4D /* Habit_Log.xcdatamodeld */ = {
			isa = XCVersionGroup;
			children = (
				19864AE11B0943C50034AC3E /* Habit_Log 2.xcdatamodel */,
				199692C41B02A30600275F4D /* Habit_Log.xcdatamodel */,
			);
			currentVersion = 19864AE11B0943C50034AC3E /* Habit_Log 2.xcdatamodel */;
			path = Habit_Log.xcdatamodeld;
			sourceTree = "<group>";
			versionGroupType = wrapper.xcdatamodel;
		};
/* End XCVersionGroup section */
	};
	rootObject = 199692B41B02A30500275F4D /* Project object */;
}
